
Microsoft Visual Studio Solution File, Format Version 12.00
# Visual Studio Version 16
VisualStudioVersion = 16.0.28803.202
MinimumVisualStudioVersion = 10.0.40219.1
Project("{FAE04EC0-301F-11D3-BF4B-00C04F79EFBC}") = "0516", "0516\0516.csproj", "{04EB99FA-8783-4BDF-BAE7-0DA8BC18299C}"
EndProject
Project("{FAE04EC0-301F-11D3-BF4B-00C04F79EFBC}") = "AssemblyTest", "AssemblyTest\AssemblyTest.csproj", "{02C0F8F2-0321-4A27-9392-C69CD3C93ED8}"
EndProject
Project("{FAE04EC0-301F-11D3-BF4B-00C04F79EFBC}") = "DemoLibTest", "DemoLibTest\DemoLibTest.csproj", "{AAE14085-2518-49E7-AB55-CEDE3CBFE4E5}"
EndProject
Global
	GlobalSection(SolutionConfigurationPlatforms) = preSolution
		Debug|Any CPU = Debug|Any CPU
		Release|Any CPU = Release|Any CPU
	EndGlobalSection
	GlobalSection(ProjectConfigurationPlatforms) = postSolution
		{04EB99FA-8783-4BDF-BAE7-0DA8BC18299C}.Debug|Any CPU.ActiveCfg = Debug|Any CPU
		{04EB99FA-8783-4BDF-BAE7-0DA8BC18299C}.Debug|Any CPU.Build.0 = Debug|Any CPU
		{04EB99FA-8783-4BDF-BAE7-0DA8BC18299C}.Release|Any CPU.ActiveCfg = Release|Any CPU
		{04EB99FA-8783-4BDF-BAE7-0DA8BC18299C}.Release|Any CPU.Build.0 = Release|Any CPU
		{02C0F8F2-0321-4A27-9392-C69CD3C93ED8}.Debug|Any CPU.ActiveCfg = Debug|Any CPU
		{02C0F8F2-0321-4A27-9392-C69CD3C93ED8}.Debug|Any CPU.Build.0 = Debug|Any CPU
		{02C0F8F2-0321-4A27-9392-C69CD3C93ED8}.Release|Any CPU.ActiveCfg = Release|Any CPU
		{02C0F8F2-0321-4A27-9392-C69CD3C93ED8}.Release|Any CPU.Build.0 = Release|Any CPU
		{AAE14085-2518-49E7-AB55-CEDE3CBFE4E5}.Debug|Any CPU.ActiveCfg = Debug|Any CPU
		{AAE14085-2518-49E7-AB55-CEDE3CBFE4E5}.Debug|Any CPU.Build.0 = Debug|Any CPU
		{AAE14085-2518-49E7-AB55-CEDE3CBFE4E5}.Release|Any CPU.ActiveCfg = Release|Any CPU
		{AAE14085-2518-49E7-AB55-CEDE3CBFE4E5}.Release|Any CPU.Build.0 = Release|Any CPU
	EndGlobalSection
	GlobalSection(SolutionProperties) = preSolution
		HideSolutionNode = FALSE
	EndGlobalSection
	GlobalSection(ExtensibilityGlobals) = postSolution
		SolutionGuid = {5ECEB45F-C6F0-4C88-8660-6B4CA8A1F858}
	EndGlobalSection
EndGlobal
