
Microsoft Visual Studio Solution File, Format Version 12.00
# Visual Studio Version 16
VisualStudioVersion = 16.0.28803.202
MinimumVisualStudioVersion = 10.0.40219.1
Project("{FAE04EC0-301F-11D3-BF4B-00C04F79EFBC}") = "DemoLib", "DemoLib\DemoLib.csproj", "{B94BB192-F5BE-4957-BF80-E4195A318E5C}"
EndProject
Global
	GlobalSection(SolutionConfigurationPlatforms) = preSolution
		Debug|Any CPU = Debug|Any CPU
		Release|Any CPU = Release|Any CPU
	EndGlobalSection
	GlobalSection(ProjectConfigurationPlatforms) = postSolution
		{B94BB192-F5BE-4957-BF80-E4195A318E5C}.Debug|Any CPU.ActiveCfg = Debug|Any CPU
		{B94BB192-F5BE-4957-BF80-E4195A318E5C}.Debug|Any CPU.Build.0 = Debug|Any CPU
		{B94BB192-F5BE-4957-BF80-E4195A318E5C}.Release|Any CPU.ActiveCfg = Release|Any CPU
		{B94BB192-F5BE-4957-BF80-E4195A318E5C}.Release|Any CPU.Build.0 = Release|Any CPU
	EndGlobalSection
	GlobalSection(SolutionProperties) = preSolution
		HideSolutionNode = FALSE
	EndGlobalSection
	GlobalSection(ExtensibilityGlobals) = postSolution
		SolutionGuid = {6319021A-EC42-491C-88EE-A140A5C7D160}
	EndGlobalSection
EndGlobal
